// !$*UTF8*$!
{
	archiveVersion = 1;
	classes = {
	};
	objectVersion = 46;
	objects = {

/* Begin PBXGroup section */
		02CC45251B1715DA00B39BCF = {
			isa = PBXGroup;
			children = (
			);
			sourceTree = "<group>";
		};
/* End PBXGroup section */

/* Begin PBXProject section */
		02CC45261B1715DA00B39BCF /* Project object */ = {
			isa = PBXProject;
			attributes = {
				LastUpgradeCheck = 0630;
			};
			buildConfigurationList = 02CC45291B1715DA00B39BCF /* Build configuration list for PBXProject "XSE-PROJECT" */;
			compatibilityVersion = "Xcode 3.2";
			developmentRegion = English;
			hasScannedForEncodings = 0;
			knownRegions = (
				en,
			);
			mainGroup = 02CC45251B1715DA00B39BCF;
			projectDirPath = "";
			projectRoot = "";
			targets = (
			);
		};
/* End PBXProject section */

/* Begin XCBuildConfiguration section */
		02CC452A1B1715DA00B39BCF /* Debug */ = {
			isa = XCBuildConfiguration;
			buildSettings = {
			};
			name = Debug;
		};
		02CC452B1B1715DA00B39BCF /* Release */ = {
			isa = XCBuildConfiguration;
			buildSettings = {
			};
			name = Release;
		};
/* End XCBuildConfiguration section */

/* Begin XCConfigurationList section */
		02CC45291B1715DA00B39BCF /* Build configuration list for PBXProject "XSE-PROJECT" */ = {
			isa = XCConfigurationList;
			buildConfigurations = (
				02CC452A1B1715DA00B39BCF /* Debug */,
				02CC452B1B1715DA00B39BCF /* Release */,
			);
			defaultConfigurationIsVisible = 0;
			defaultConfigurationName = Release;
		};
/* End XCConfigurationList section */
	};
	rootObject = 02CC45261B1715DA00B39BCF /* Project object */;
}
